
Microsoft Visual Studio Solution File, Format Version 12.00
# Visual Studio Version 16
VisualStudioVersion = 16.0.31727.386
MinimumVisualStudioVersion = 10.0.40219.1
Project("{FAE04EC0-301F-11D3-BF4B-00C04F79EFBC}") = "EasyChartLib", "EasyChartLib\EasyChartLib.csproj", "{30DCEFC7-50E6-4573-94F7-FAE6CDBAE258}"
EndProject
Project("{FAE04EC0-301F-11D3-BF4B-00C04F79EFBC}") = "Tester", "Tester\Tester.csproj", "{8247CC4B-1ADF-4789-856A-861855AB1DE2}"
EndProject
Project("{FAE04EC0-301F-11D3-BF4B-00C04F79EFBC}") = "ChartApi", "ChartApi\ChartApi.csproj", "{9623ED81-23CD-4FEE-9CF8-D29DCC88CC22}"
EndProject
Global
	GlobalSection(SolutionConfigurationPlatforms) = preSolution
		Debug|Any CPU = Debug|Any CPU
		Release|Any CPU = Release|Any CPU
	EndGlobalSection
	GlobalSection(ProjectConfigurationPlatforms) = postSolution
		{30DCEFC7-50E6-4573-94F7-FAE6CDBAE258}.Debug|Any CPU.ActiveCfg = Debug|Any CPU
		{30DCEFC7-50E6-4573-94F7-FAE6CDBAE258}.Debug|Any CPU.Build.0 = Debug|Any CPU
		{30DCEFC7-50E6-4573-94F7-FAE6CDBAE258}.Release|Any CPU.ActiveCfg = Release|Any CPU
		{30DCEFC7-50E6-4573-94F7-FAE6CDBAE258}.Release|Any CPU.Build.0 = Release|Any CPU
		{8247CC4B-1ADF-4789-856A-861855AB1DE2}.Debug|Any CPU.ActiveCfg = Debug|Any CPU
		{8247CC4B-1ADF-4789-856A-861855AB1DE2}.Debug|Any CPU.Build.0 = Debug|Any CPU
		{8247CC4B-1ADF-4789-856A-861855AB1DE2}.Release|Any CPU.ActiveCfg = Release|Any CPU
		{8247CC4B-1ADF-4789-856A-861855AB1DE2}.Release|Any CPU.Build.0 = Release|Any CPU
		{9623ED81-23CD-4FEE-9CF8-D29DCC88CC22}.Debug|Any CPU.ActiveCfg = Debug|Any CPU
		{9623ED81-23CD-4FEE-9CF8-D29DCC88CC22}.Debug|Any CPU.Build.0 = Debug|Any CPU
		{9623ED81-23CD-4FEE-9CF8-D29DCC88CC22}.Release|Any CPU.ActiveCfg = Release|Any CPU
		{9623ED81-23CD-4FEE-9CF8-D29DCC88CC22}.Release|Any CPU.Build.0 = Release|Any CPU
	EndGlobalSection
	GlobalSection(SolutionProperties) = preSolution
		HideSolutionNode = FALSE
	EndGlobalSection
	GlobalSection(ExtensibilityGlobals) = postSolution
		SolutionGuid = {C3AE1403-8B41-40BD-9357-1B34201E13D0}
	EndGlobalSection
EndGlobal
